
Microsoft Visual Studio Solution File, Format Version 12.00
# Visual Studio Version 17
VisualStudioVersion = 17.0.32014.148
MinimumVisualStudioVersion = 10.0.40219.1
Project("{FAE04EC0-301F-11D3-BF4B-00C04F79EFBC}") = "GravatarSample.Android", "GravatarSample\GravatarSample.Android\GravatarSample.Android.csproj", "{2B030E02-6EED-4B95-ADC7-04901A711445}"
EndProject
Project("{FAE04EC0-301F-11D3-BF4B-00C04F79EFBC}") = "GravatarSample.iOS", "GravatarSample\GravatarSample.iOS\GravatarSample.iOS.csproj", "{63F4B827-45D1-43A6-9A1F-D41CEF951031}"
EndProject
Project("{FAE04EC0-301F-11D3-BF4B-00C04F79EFBC}") = "GravatarSample", "GravatarSample\GravatarSample\GravatarSample.csproj", "{3711DA29-8C1B-4550-AD35-2375B666C082}"
EndProject
Global
	GlobalSection(SolutionConfigurationPlatforms) = preSolution
		Debug|Any CPU = Debug|Any CPU
		Debug|iPhone = Debug|iPhone
		Debug|iPhoneSimulator = Debug|iPhoneSimulator
		Release|Any CPU = Release|Any CPU
		Release|iPhone = Release|iPhone
		Release|iPhoneSimulator = Release|iPhoneSimulator
	EndGlobalSection
	GlobalSection(ProjectConfigurationPlatforms) = postSolution
		{2B030E02-6EED-4B95-ADC7-04901A711445}.Debug|Any CPU.ActiveCfg = Debug|Any CPU
		{2B030E02-6EED-4B95-ADC7-04901A711445}.Debug|Any CPU.Build.0 = Debug|Any CPU
		{2B030E02-6EED-4B95-ADC7-04901A711445}.Debug|Any CPU.Deploy.0 = Debug|Any CPU
		{2B030E02-6EED-4B95-ADC7-04901A711445}.Debug|iPhone.ActiveCfg = Debug|Any CPU
		{2B030E02-6EED-4B95-ADC7-04901A711445}.Debug|iPhone.Build.0 = Debug|Any CPU
		{2B030E02-6EED-4B95-ADC7-04901A711445}.Debug|iPhone.Deploy.0 = Debug|Any CPU
		{2B030E02-6EED-4B95-ADC7-04901A711445}.Debug|iPhoneSimulator.ActiveCfg = Debug|Any CPU
		{2B030E02-6EED-4B95-ADC7-04901A711445}.Debug|iPhoneSimulator.Build.0 = Debug|Any CPU
		{2B030E02-6EED-4B95-ADC7-04901A711445}.Debug|iPhoneSimulator.Deploy.0 = Debug|Any CPU
		{2B030E02-6EED-4B95-ADC7-04901A711445}.Release|Any CPU.ActiveCfg = Release|Any CPU
		{2B030E02-6EED-4B95-ADC7-04901A711445}.Release|Any CPU.Build.0 = Release|Any CPU
		{2B030E02-6EED-4B95-ADC7-04901A711445}.Release|Any CPU.Deploy.0 = Release|Any CPU
		{2B030E02-6EED-4B95-ADC7-04901A711445}.Release|iPhone.ActiveCfg = Release|Any CPU
		{2B030E02-6EED-4B95-ADC7-04901A711445}.Release|iPhone.Build.0 = Release|Any CPU
		{2B030E02-6EED-4B95-ADC7-04901A711445}.Release|iPhone.Deploy.0 = Release|Any CPU
		{2B030E02-6EED-4B95-ADC7-04901A711445}.Release|iPhoneSimulator.ActiveCfg = Release|Any CPU
		{2B030E02-6EED-4B95-ADC7-04901A711445}.Release|iPhoneSimulator.Build.0 = Release|Any CPU
		{2B030E02-6EED-4B95-ADC7-04901A711445}.Release|iPhoneSimulator.Deploy.0 = Release|Any CPU
		{63F4B827-45D1-43A6-9A1F-D41CEF951031}.Debug|Any CPU.ActiveCfg = Debug|iPhone
		{63F4B827-45D1-43A6-9A1F-D41CEF951031}.Debug|Any CPU.Build.0 = Debug|iPhone
		{63F4B827-45D1-43A6-9A1F-D41CEF951031}.Debug|Any CPU.Deploy.0 = Debug|iPhone
		{63F4B827-45D1-43A6-9A1F-D41CEF951031}.Debug|iPhone.ActiveCfg = Debug|iPhone
		{63F4B827-45D1-43A6-9A1F-D41CEF951031}.Debug|iPhone.Build.0 = Debug|iPhone
		{63F4B827-45D1-43A6-9A1F-D41CEF951031}.Debug|iPhone.Deploy.0 = Debug|iPhone
		{63F4B827-45D1-43A6-9A1F-D41CEF951031}.Debug|iPhoneSimulator.ActiveCfg = Debug|iPhoneSimulator
		{63F4B827-45D1-43A6-9A1F-D41CEF951031}.Debug|iPhoneSimulator.Build.0 = Debug|iPhoneSimulator
		{63F4B827-45D1-43A6-9A1F-D41CEF951031}.Debug|iPhoneSimulator.Deploy.0 = Debug|iPhoneSimulator
		{63F4B827-45D1-43A6-9A1F-D41CEF951031}.Release|Any CPU.ActiveCfg = Release|iPhoneSimulator
		{63F4B827-45D1-43A6-9A1F-D41CEF951031}.Release|Any CPU.Build.0 = Release|iPhoneSimulator
		{63F4B827-45D1-43A6-9A1F-D41CEF951031}.Release|Any CPU.Deploy.0 = Release|iPhoneSimulator
		{63F4B827-45D1-43A6-9A1F-D41CEF951031}.Release|iPhone.ActiveCfg = Release|iPhone
		{63F4B827-45D1-43A6-9A1F-D41CEF951031}.Release|iPhone.Build.0 = Release|iPhone
		{63F4B827-45D1-43A6-9A1F-D41CEF951031}.Release|iPhone.Deploy.0 = Release|iPhone
		{63F4B827-45D1-43A6-9A1F-D41CEF951031}.Release|iPhoneSimulator.ActiveCfg = Release|iPhoneSimulator
		{63F4B827-45D1-43A6-9A1F-D41CEF951031}.Release|iPhoneSimulator.Build.0 = Release|iPhoneSimulator
		{63F4B827-45D1-43A6-9A1F-D41CEF951031}.Release|iPhoneSimulator.Deploy.0 = Release|iPhoneSimulator
		{3711DA29-8C1B-4550-AD35-2375B666C082}.Debug|Any CPU.ActiveCfg = Debug|Any CPU
		{3711DA29-8C1B-4550-AD35-2375B666C082}.Debug|Any CPU.Build.0 = Debug|Any CPU
		{3711DA29-8C1B-4550-AD35-2375B666C082}.Debug|Any CPU.Deploy.0 = Debug|Any CPU
		{3711DA29-8C1B-4550-AD35-2375B666C082}.Debug|iPhone.ActiveCfg = Debug|Any CPU
		{3711DA29-8C1B-4550-AD35-2375B666C082}.Debug|iPhone.Build.0 = Debug|Any CPU
		{3711DA29-8C1B-4550-AD35-2375B666C082}.Debug|iPhone.Deploy.0 = Debug|Any CPU
		{3711DA29-8C1B-4550-AD35-2375B666C082}.Debug|iPhoneSimulator.ActiveCfg = Debug|Any CPU
		{3711DA29-8C1B-4550-AD35-2375B666C082}.Debug|iPhoneSimulator.Build.0 = Debug|Any CPU
		{3711DA29-8C1B-4550-AD35-2375B666C082}.Debug|iPhoneSimulator.Deploy.0 = Debug|Any CPU
		{3711DA29-8C1B-4550-AD35-2375B666C082}.Release|Any CPU.ActiveCfg = Release|Any CPU
		{3711DA29-8C1B-4550-AD35-2375B666C082}.Release|Any CPU.Build.0 = Release|Any CPU
		{3711DA29-8C1B-4550-AD35-2375B666C082}.Release|Any CPU.Deploy.0 = Release|Any CPU
		{3711DA29-8C1B-4550-AD35-2375B666C082}.Release|iPhone.ActiveCfg = Release|Any CPU
		{3711DA29-8C1B-4550-AD35-2375B666C082}.Release|iPhone.Build.0 = Release|Any CPU
		{3711DA29-8C1B-4550-AD35-2375B666C082}.Release|iPhone.Deploy.0 = Release|Any CPU
		{3711DA29-8C1B-4550-AD35-2375B666C082}.Release|iPhoneSimulator.ActiveCfg = Release|Any CPU
		{3711DA29-8C1B-4550-AD35-2375B666C082}.Release|iPhoneSimulator.Build.0 = Release|Any CPU
		{3711DA29-8C1B-4550-AD35-2375B666C082}.Release|iPhoneSimulator.Deploy.0 = Release|Any CPU
	EndGlobalSection
	GlobalSection(SolutionProperties) = preSolution
		HideSolutionNode = FALSE
	EndGlobalSection
	GlobalSection(ExtensibilityGlobals) = postSolution
		SolutionGuid = {1115DF4B-17F9-45EF-BD58-AAACEDDA4B08}
	EndGlobalSection
EndGlobal
